// !$*UTF8*$!
{
	archiveVersion = 1;
	classes = {
	};
	objectVersion = 55;
	objects = {

/* Begin PBXBuildFile section */
		21F4A69328DAF23D00E5EF05 /* SwiftUIToastTestgroundApp.swift in Sources */ = {isa = PBXBuildFile; fileRef = 21F4A68328DAF23C00E5EF05 /* SwiftUIToastTestgroundApp.swift */; };
		21F4A69428DAF23D00E5EF05 /* SwiftUIToastTestgroundApp.swift in Sources */ = {isa = PBXBuildFile; fileRef = 21F4A68328DAF23C00E5EF05 /* SwiftUIToastTestgroundApp.swift */; };
		21F4A69528DAF23D00E5EF05 /* ContentView.swift in Sources */ = {isa = PBXBuildFile; fileRef = 21F4A68428DAF23C00E5EF05 /* ContentView.swift */; };
		21F4A69628DAF23D00E5EF05 /* ContentView.swift in Sources */ = {isa = PBXBuildFile; fileRef = 21F4A68428DAF23C00E5EF05 /* ContentView.swift */; };
		21F4A69728DAF23D00E5EF05 /* Assets.xcassets in Resources */ = {isa = PBXBuildFile; fileRef = 21F4A68528DAF23D00E5EF05 /* Assets.xcassets */; };
		21F4A69828DAF23D00E5EF05 /* Assets.xcassets in Resources */ = {isa = PBXBuildFile; fileRef = 21F4A68528DAF23D00E5EF05 /* Assets.xcassets */; };
		21F4A6A528DAF2CE00E5EF05 /* SwiftUIToast in Frameworks */ = {isa = PBXBuildFile; productRef = 21F4A6A428DAF2CE00E5EF05 /* SwiftUIToast */; };
/* End PBXBuildFile section */

/* Begin PBXFileReference section */
		21F4A68328DAF23C00E5EF05 /* SwiftUIToastTestgroundApp.swift */ = {isa = PBXFileReference; lastKnownFileType = sourcecode.swift; path = SwiftUIToastTestgroundApp.swift; sourceTree = "<group>"; };
		21F4A68428DAF23C00E5EF05 /* ContentView.swift */ = {isa = PBXFileReference; lastKnownFileType = sourcecode.swift; path = ContentView.swift; sourceTree = "<group>"; };
		21F4A68528DAF23D00E5EF05 /* Assets.xcassets */ = {isa = PBXFileReference; lastKnownFileType = folder.assetcatalog; path = Assets.xcassets; sourceTree = "<group>"; };
		21F4A68A28DAF23D00E5EF05 /* SwiftUIToastTestground.app */ = {isa = PBXFileReference; explicitFileType = wrapper.application; includeInIndex = 0; path = SwiftUIToastTestground.app; sourceTree = BUILT_PRODUCTS_DIR; };
		21F4A69028DAF23D00E5EF05 /* SwiftUIToastTestground.app */ = {isa = PBXFileReference; explicitFileType = wrapper.application; includeInIndex = 0; path = SwiftUIToastTestground.app; sourceTree = BUILT_PRODUCTS_DIR; };
		21F4A69228DAF23D00E5EF05 /* macOS.entitlements */ = {isa = PBXFileReference; lastKnownFileType = text.plist.entitlements; path = macOS.entitlements; sourceTree = "<group>"; };
		21F4A6A228DAF29200E5EF05 /* SwiftUIToast */ = {isa = PBXFileReference; lastKnownFileType = wrapper; name = SwiftUIToast; path = ../..; sourceTree = "<group>"; };
/* End PBXFileReference section */

/* Begin PBXFrameworksBuildPhase section */
		21F4A68728DAF23D00E5EF05 /* Frameworks */ = {
			isa = PBXFrameworksBuildPhase;
			buildActionMask = 2147483647;
			files = (
				21F4A6A528DAF2CE00E5EF05 /* SwiftUIToast in Frameworks */,
			);
			runOnlyForDeploymentPostprocessing = 0;
		};
		21F4A68D28DAF23D00E5EF05 /* Frameworks */ = {
			isa = PBXFrameworksBuildPhase;
			buildActionMask = 2147483647;
			files = (
			);
			runOnlyForDeploymentPostprocessing = 0;
		};
/* End PBXFrameworksBuildPhase section */

/* Begin PBXGroup section */
		21F4A67D28DAF23C00E5EF05 = {
			isa = PBXGroup;
			children = (
				21F4A6A128DAF29200E5EF05 /* Packages */,
				21F4A68228DAF23C00E5EF05 /* Shared */,
				21F4A69128DAF23D00E5EF05 /* macOS */,
				21F4A68B28DAF23D00E5EF05 /* Products */,
				21F4A6A328DAF2CE00E5EF05 /* Frameworks */,
			);
			sourceTree = "<group>";
		};
		21F4A68228DAF23C00E5EF05 /* Shared */ = {
			isa = PBXGroup;
			children = (
				21F4A68328DAF23C00E5EF05 /* SwiftUIToastTestgroundApp.swift */,
				21F4A68428DAF23C00E5EF05 /* ContentView.swift */,
				21F4A68528DAF23D00E5EF05 /* Assets.xcassets */,
			);
			path = Shared;
			sourceTree = "<group>";
		};
		21F4A68B28DAF23D00E5EF05 /* Products */ = {
			isa = PBXGroup;
			children = (
				21F4A68A28DAF23D00E5EF05 /* SwiftUIToastTestground.app */,
				21F4A69028DAF23D00E5EF05 /* SwiftUIToastTestground.app */,
			);
			name = Products;
			sourceTree = "<group>";
		};
		21F4A69128DAF23D00E5EF05 /* macOS */ = {
			isa = PBXGroup;
			children = (
				21F4A69228DAF23D00E5EF05 /* macOS.entitlements */,
			);
			path = macOS;
			sourceTree = "<group>";
		};
		21F4A6A128DAF29200E5EF05 /* Packages */ = {
			isa = PBXGroup;
			children = (
				21F4A6A228DAF29200E5EF05 /* SwiftUIToast */,
			);
			name = Packages;
			sourceTree = "<group>";
		};
		21F4A6A328DAF2CE00E5EF05 /* Frameworks */ = {
			isa = PBXGroup;
			children = (
			);
			name = Frameworks;
			sourceTree = "<group>";
		};
/* End PBXGroup section */

/* Begin PBXNativeTarget section */
		21F4A68928DAF23D00E5EF05 /* SwiftUIToastTestground (iOS) */ = {
			isa = PBXNativeTarget;
			buildConfigurationList = 21F4A69B28DAF23D00E5EF05 /* Build configuration list for PBXNativeTarget "SwiftUIToastTestground (iOS)" */;
			buildPhases = (
				21F4A68628DAF23D00E5EF05 /* Sources */,
				21F4A68728DAF23D00E5EF05 /* Frameworks */,
				21F4A68828DAF23D00E5EF05 /* Resources */,
			);
			buildRules = (
			);
			dependencies = (
			);
			name = "SwiftUIToastTestground (iOS)";
			packageProductDependencies = (
				21F4A6A428DAF2CE00E5EF05 /* SwiftUIToast */,
			);
			productName = "SwiftUIToastTestground (iOS)";
			productReference = 21F4A68A28DAF23D00E5EF05 /* SwiftUIToastTestground.app */;
			productType = "com.apple.product-type.application";
		};
		21F4A68F28DAF23D00E5EF05 /* SwiftUIToastTestground (macOS) */ = {
			isa = PBXNativeTarget;
			buildConfigurationList = 21F4A69E28DAF23D00E5EF05 /* Build configuration list for PBXNativeTarget "SwiftUIToastTestground (macOS)" */;
			buildPhases = (
				21F4A68C28DAF23D00E5EF05 /* Sources */,
				21F4A68D28DAF23D00E5EF05 /* Frameworks */,
				21F4A68E28DAF23D00E5EF05 /* Resources */,
			);
			buildRules = (
			);
			dependencies = (
			);
			name = "SwiftUIToastTestground (macOS)";
			productName = "SwiftUIToastTestground (macOS)";
			productReference = 21F4A69028DAF23D00E5EF05 /* SwiftUIToastTestground.app */;
			productType = "com.apple.product-type.application";
		};
/* End PBXNativeTarget section */

/* Begin PBXProject section */
		21F4A67E28DAF23C00E5EF05 /* Project object */ = {
			isa = PBXProject;
			attributes = {
				BuildIndependentTargetsInParallel = 1;
				LastSwiftUpdateCheck = 1340;
				LastUpgradeCheck = 1340;
				TargetAttributes = {
					21F4A68928DAF23D00E5EF05 = {
						CreatedOnToolsVersion = 13.4.1;
					};
					21F4A68F28DAF23D00E5EF05 = {
						CreatedOnToolsVersion = 13.4.1;
					};
				};
			};
			buildConfigurationList = 21F4A68128DAF23C00E5EF05 /* Build configuration list for PBXProject "SwiftUIToastTestground" */;
			compatibilityVersion = "Xcode 13.0";
			developmentRegion = en;
			hasScannedForEncodings = 0;
			knownRegions = (
				en,
				Base,
			);
			mainGroup = 21F4A67D28DAF23C00E5EF05;
			productRefGroup = 21F4A68B28DAF23D00E5EF05 /* Products */;
			projectDirPath = "";
			projectRoot = "";
			targets = (
				21F4A68928DAF23D00E5EF05 /* SwiftUIToastTestground (iOS) */,
				21F4A68F28DAF23D00E5EF05 /* SwiftUIToastTestground (macOS) */,
			);
		};
/* End PBXProject section */

/* Begin PBXResourcesBuildPhase section */
		21F4A68828DAF23D00E5EF05 /* Resources */ = {
			isa = PBXResourcesBuildPhase;
			buildActionMask = 2147483647;
			files = (
				21F4A69728DAF23D00E5EF05 /* Assets.xcassets in Resources */,
			);
			runOnlyForDeploymentPostprocessing = 0;
		};
		21F4A68E28DAF23D00E5EF05 /* Resources */ = {
			isa = PBXResourcesBuildPhase;
			buildActionMask = 2147483647;
			files = (
				21F4A69828DAF23D00E5EF05 /* Assets.xcassets in Resources */,
			);
			runOnlyForDeploymentPostprocessing = 0;
		};
/* End PBXResourcesBuildPhase section */

/* Begin PBXSourcesBuildPhase section */
		21F4A68628DAF23D00E5EF05 /* Sources */ = {
			isa = PBXSourcesBuildPhase;
			buildActionMask = 2147483647;
			files = (
				21F4A69528DAF23D00E5EF05 /* ContentView.swift in Sources */,
				21F4A69328DAF23D00E5EF05 /* SwiftUIToastTestgroundApp.swift in Sources */,
			);
			runOnlyForDeploymentPostprocessing = 0;
		};
		21F4A68C28DAF23D00E5EF05 /* Sources */ = {
			isa = PBXSourcesBuildPhase;
			buildActionMask = 2147483647;
			files = (
				21F4A69628DAF23D00E5EF05 /* ContentView.swift in Sources */,
				21F4A69428DAF23D00E5EF05 /* SwiftUIToastTestgroundApp.swift in Sources */,
			);
			runOnlyForDeploymentPostprocessing = 0;
		};
/* End PBXSourcesBuildPhase section */

/* Begin XCBuildConfiguration section */
		21F4A69928DAF23D00E5EF05 /* Debug */ = {
			isa = XCBuildConfiguration;
			buildSettings = {
				ALWAYS_SEARCH_USER_PATHS = NO;
				CLANG_ANALYZER_NONNULL = YES;
				CLANG_ANALYZER_NUMBER_OBJECT_CONVERSION = YES_AGGRESSIVE;
				CLANG_CXX_LANGUAGE_STANDARD = "gnu++17";
				CLANG_ENABLE_MODULES = YES;
				CLANG_ENABLE_OBJC_ARC = YES;
				CLANG_ENABLE_OBJC_WEAK = YES;
				CLANG_WARN_BLOCK_CAPTURE_AUTORELEASING = YES;
				CLANG_WARN_BOOL_CONVERSION = YES;
				CLANG_WARN_COMMA = YES;
				CLANG_WARN_CONSTANT_CONVERSION = YES;
				CLANG_WARN_DEPRECATED_OBJC_IMPLEMENTATIONS = YES;
				CLANG_WARN_DIRECT_OBJC_ISA_USAGE = YES_ERROR;
				CLANG_WARN_DOCUMENTATION_COMMENTS = YES;
				CLANG_WARN_EMPTY_BODY = YES;
				CLANG_WARN_ENUM_CONVERSION = YES;
				CLANG_WARN_INFINITE_RECURSION = YES;
				CLANG_WARN_INT_CONVERSION = YES;
				CLANG_WARN_NON_LITERAL_NULL_CONVERSION = YES;
				CLANG_WARN_OBJC_IMPLICIT_RETAIN_SELF = YES;
				CLANG_WARN_OBJC_LITERAL_CONVERSION = YES;
				CLANG_WARN_OBJC_ROOT_CLASS = YES_ERROR;
				CLANG_WARN_QUOTED_INCLUDE_IN_FRAMEWORK_HEADER = YES;
				CLANG_WARN_RANGE_LOOP_ANALYSIS = YES;
				CLANG_WARN_STRICT_PROTOTYPES = YES;
				CLANG_WARN_SUSPICIOUS_MOVE = YES;
				CLANG_WARN_UNGUARDED_AVAILABILITY = YES_AGGRESSIVE;
				CLANG_WARN_UNREACHABLE_CODE = YES;
				CLANG_WARN__DUPLICATE_METHOD_MATCH = YES;
				COPY_PHASE_STRIP = NO;
				DEBUG_INFORMATION_FORMAT = dwarf;
				ENABLE_STRICT_OBJC_MSGSEND = YES;
				ENABLE_TESTABILITY = YES;
				GCC_C_LANGUAGE_STANDARD = gnu11;
				GCC_DYNAMIC_NO_PIC = NO;
				GCC_NO_COMMON_BLOCKS = YES;
				GCC_OPTIMIZATION_LEVEL = 0;
				GCC_PREPROCESSOR_DEFINITIONS = (
					"DEBUG=1",
					"$(inherited)",
				);
				GCC_WARN_64_TO_32_BIT_CONVERSION = YES;
				GCC_WARN_ABOUT_RETURN_TYPE = YES_ERROR;
				GCC_WARN_UNDECLARED_SELECTOR = YES;
				GCC_WARN_UNINITIALIZED_AUTOS = YES_AGGRESSIVE;
				GCC_WARN_UNUSED_FUNCTION = YES;
				GCC_WARN_UNUSED_VARIABLE = YES;
				MTL_ENABLE_DEBUG_INFO = INCLUDE_SOURCE;
				MTL_FAST_MATH = YES;
				ONLY_ACTIVE_ARCH = YES;
				SWIFT_ACTIVE_COMPILATION_CONDITIONS = DEBUG;
				SWIFT_OPTIMIZATION_LEVEL = "-Onone";
			};
			name = Debug;
		};
		21F4A69A28DAF23D00E5EF05 /* Release */ = {
			isa = XCBuildConfiguration;
			buildSettings = {
				ALWAYS_SEARCH_USER_PATHS = NO;
				CLANG_ANALYZER_NONNULL = YES;
				CLANG_ANALYZER_NUMBER_OBJECT_CONVERSION = YES_AGGRESSIVE;
				CLANG_CXX_LANGUAGE_STANDARD = "gnu++17";
				CLANG_ENABLE_MODULES = YES;
				CLANG_ENABLE_OBJC_ARC = YES;
				CLANG_ENABLE_OBJC_WEAK = YES;
				CLANG_WARN_BLOCK_CAPTURE_AUTORELEASING = YES;
				CLANG_WARN_BOOL_CONVERSION = YES;
				CLANG_WARN_COMMA = YES;
				CLANG_WARN_CONSTANT_CONVERSION = YES;
				CLANG_WARN_DEPRECATED_OBJC_IMPLEMENTATIONS = YES;
				CLANG_WARN_DIRECT_OBJC_ISA_USAGE = YES_ERROR;
				CLANG_WARN_DOCUMENTATION_COMMENTS = YES;
				CLANG_WARN_EMPTY_BODY = YES;
				CLANG_WARN_ENUM_CONVERSION = YES;
				CLANG_WARN_INFINITE_RECURSION = YES;
				CLANG_WARN_INT_CONVERSION = YES;
				CLANG_WARN_NON_LITERAL_NULL_CONVERSION = YES;
				CLANG_WARN_OBJC_IMPLICIT_RETAIN_SELF = YES;
				CLANG_WARN_OBJC_LITERAL_CONVERSION = YES;
				CLANG_WARN_OBJC_ROOT_CLASS = YES_ERROR;
				CLANG_WARN_QUOTED_INCLUDE_IN_FRAMEWORK_HEADER = YES;
				CLANG_WARN_RANGE_LOOP_ANALYSIS = YES;
				CLANG_WARN_STRICT_PROTOTYPES = YES;
				CLANG_WARN_SUSPICIOUS_MOVE = YES;
				CLANG_WARN_UNGUARDED_AVAILABILITY = YES_AGGRESSIVE;
				CLANG_WARN_UNREACHABLE_CODE = YES;
				CLANG_WARN__DUPLICATE_METHOD_MATCH = YES;
				COPY_PHASE_STRIP = NO;
				DEBUG_INFORMATION_FORMAT = "dwarf-with-dsym";
				ENABLE_NS_ASSERTIONS = NO;
				ENABLE_STRICT_OBJC_MSGSEND = YES;
				GCC_C_LANGUAGE_STANDARD = gnu11;
				GCC_NO_COMMON_BLOCKS = YES;
				GCC_WARN_64_TO_32_BIT_CONVERSION = YES;
				GCC_WARN_ABOUT_RETURN_TYPE = YES_ERROR;
				GCC_WARN_UNDECLARED_SELECTOR = YES;
				GCC_WARN_UNINITIALIZED_AUTOS = YES_AGGRESSIVE;
				GCC_WARN_UNUSED_FUNCTION = YES;
				GCC_WARN_UNUSED_VARIABLE = YES;
				MTL_ENABLE_DEBUG_INFO = NO;
				MTL_FAST_MATH = YES;
				SWIFT_COMPILATION_MODE = wholemodule;
				SWIFT_OPTIMIZATION_LEVEL = "-O";
			};
			name = Release;
		};
		21F4A69C28DAF23D00E5EF05 /* Debug */ = {
			isa = XCBuildConfiguration;
			buildSettings = {
				ASSETCATALOG_COMPILER_APPICON_NAME = AppIcon;
				ASSETCATALOG_COMPILER_GLOBAL_ACCENT_COLOR_NAME = AccentColor;
				CODE_SIGN_IDENTITY = "Apple Development";
				CODE_SIGN_STYLE = Automatic;
				CURRENT_PROJECT_VERSION = 1;
				DEVELOPMENT_TEAM = "";
				ENABLE_PREVIEWS = YES;
				GENERATE_INFOPLIST_FILE = YES;
				INFOPLIST_KEY_UIApplicationSceneManifest_Generation = YES;
				INFOPLIST_KEY_UIApplicationSupportsIndirectInputEvents = YES;
				INFOPLIST_KEY_UILaunchScreen_Generation = YES;
				INFOPLIST_KEY_UISupportedInterfaceOrientations_iPad = "UIInterfaceOrientationPortrait UIInterfaceOrientationPortraitUpsideDown UIInterfaceOrientationLandscapeLeft UIInterfaceOrientationLandscapeRight";
				INFOPLIST_KEY_UISupportedInterfaceOrientations_iPhone = "UIInterfaceOrientationPortrait UIInterfaceOrientationLandscapeLeft UIInterfaceOrientationLandscapeRight";
				IPHONEOS_DEPLOYMENT_TARGET = 15.5;
				LD_RUNPATH_SEARCH_PATHS = (
					"$(inherited)",
					"@executable_path/Frameworks",
				);
				MARKETING_VERSION = 1.0;
				PRODUCT_BUNDLE_IDENTIFIER = "com.vp.swiftui.toast-testground.SwiftUIToastTestground";
				PRODUCT_NAME = SwiftUIToastTestground;
				PROVISIONING_PROFILE_SPECIFIER = "";
				SDKROOT = iphoneos;
				SWIFT_EMIT_LOC_STRINGS = YES;
				SWIFT_VERSION = 5.0;
				TARGETED_DEVICE_FAMILY = "1,2";
			};
			name = Debug;
		};
		21F4A69D28DAF23D00E5EF05 /* Release */ = {
			isa = XCBuildConfiguration;
			buildSettings = {
				ASSETCATALOG_COMPILER_APPICON_NAME = AppIcon;
				ASSETCATALOG_COMPILER_GLOBAL_ACCENT_COLOR_NAME = AccentColor;
				CODE_SIGN_IDENTITY = "Apple Development";
				CODE_SIGN_STYLE = Automatic;
				CURRENT_PROJECT_VERSION = 1;
				DEVELOPMENT_TEAM = "";
				ENABLE_PREVIEWS = YES;
				GENERATE_INFOPLIST_FILE = YES;
				INFOPLIST_KEY_UIApplicationSceneManifest_Generation = YES;
				INFOPLIST_KEY_UIApplicationSupportsIndirectInputEvents = YES;
				INFOPLIST_KEY_UILaunchScreen_Generation = YES;
				INFOPLIST_KEY_UISupportedInterfaceOrientations_iPad = "UIInterfaceOrientationPortrait UIInterfaceOrientationPortraitUpsideDown UIInterfaceOrientationLandscapeLeft UIInterfaceOrientationLandscapeRight";
				INFOPLIST_KEY_UISupportedInterfaceOrientations_iPhone = "UIInterfaceOrientationPortrait UIInterfaceOrientationLandscapeLeft UIInterfaceOrientationLandscapeRight";
				IPHONEOS_DEPLOYMENT_TARGET = 15.5;
				LD_RUNPATH_SEARCH_PATHS = (
					"$(inherited)",
					"@executable_path/Frameworks",
				);
				MARKETING_VERSION = 1.0;
				PRODUCT_BUNDLE_IDENTIFIER = "com.vp.swiftui.toast-testground.SwiftUIToastTestground";
				PRODUCT_NAME = SwiftUIToastTestground;
				PROVISIONING_PROFILE_SPECIFIER = "";
				SDKROOT = iphoneos;
				SWIFT_EMIT_LOC_STRINGS = YES;
				SWIFT_VERSION = 5.0;
				TARGETED_DEVICE_FAMILY = "1,2";
				VALIDATE_PRODUCT = YES;
			};
			name = Release;
		};
		21F4A69F28DAF23D00E5EF05 /* Debug */ = {
			isa = XCBuildConfiguration;
			buildSettings = {
				ASSETCATALOG_COMPILER_APPICON_NAME = AppIcon;
				ASSETCATALOG_COMPILER_GLOBAL_ACCENT_COLOR_NAME = AccentColor;
				CODE_SIGN_ENTITLEMENTS = macOS/macOS.entitlements;
				CODE_SIGN_STYLE = Automatic;
				COMBINE_HIDPI_IMAGES = YES;
				CURRENT_PROJECT_VERSION = 1;
				ENABLE_PREVIEWS = YES;
				GENERATE_INFOPLIST_FILE = YES;
				INFOPLIST_KEY_NSHumanReadableCopyright = "";
				LD_RUNPATH_SEARCH_PATHS = (
					"$(inherited)",
					"@executable_path/../Frameworks",
				);
				MACOSX_DEPLOYMENT_TARGET = 12.3;
				MARKETING_VERSION = 1.0;
				PRODUCT_BUNDLE_IDENTIFIER = "com.vp.swiftui.toast-testground.SwiftUIToastTestground";
				PRODUCT_NAME = SwiftUIToastTestground;
				SDKROOT = macosx;
				SWIFT_EMIT_LOC_STRINGS = YES;
				SWIFT_VERSION = 5.0;
			};
			name = Debug;
		};
		21F4A6A028DAF23D00E5EF05 /* Release */ = {
			isa = XCBuildConfiguration;
			buildSettings = {
				ASSETCATALOG_COMPILER_APPICON_NAME = AppIcon;
				ASSETCATALOG_COMPILER_GLOBAL_ACCENT_COLOR_NAME = AccentColor;
				CODE_SIGN_ENTITLEMENTS = macOS/macOS.entitlements;
				CODE_SIGN_STYLE = Automatic;
				COMBINE_HIDPI_IMAGES = YES;
				CURRENT_PROJECT_VERSION = 1;
				ENABLE_PREVIEWS = YES;
				GENERATE_INFOPLIST_FILE = YES;
				INFOPLIST_KEY_NSHumanReadableCopyright = "";
				LD_RUNPATH_SEARCH_PATHS = (
					"$(inherited)",
					"@executable_path/../Frameworks",
				);
				MACOSX_DEPLOYMENT_TARGET = 12.3;
				MARKETING_VERSION = 1.0;
				PRODUCT_BUNDLE_IDENTIFIER = "com.vp.swiftui.toast-testground.SwiftUIToastTestground";
				PRODUCT_NAME = SwiftUIToastTestground;
				SDKROOT = macosx;
				SWIFT_EMIT_LOC_STRINGS = YES;
				SWIFT_VERSION = 5.0;
			};
			name = Release;
		};
/* End XCBuildConfiguration section */

/* Begin XCConfigurationList section */
		21F4A68128DAF23C00E5EF05 /* Build configuration list for PBXProject "SwiftUIToastTestground" */ = {
			isa = XCConfigurationList;
			buildConfigurations = (
				21F4A69928DAF23D00E5EF05 /* Debug */,
				21F4A69A28DAF23D00E5EF05 /* Release */,
			);
			defaultConfigurationIsVisible = 0;
			defaultConfigurationName = Release;
		};
		21F4A69B28DAF23D00E5EF05 /* Build configuration list for PBXNativeTarget "SwiftUIToastTestground (iOS)" */ = {
			isa = XCConfigurationList;
			buildConfigurations = (
				21F4A69C28DAF23D00E5EF05 /* Debug */,
				21F4A69D28DAF23D00E5EF05 /* Release */,
			);
			defaultConfigurationIsVisible = 0;
			defaultConfigurationName = Release;
		};
		21F4A69E28DAF23D00E5EF05 /* Build configuration list for PBXNativeTarget "SwiftUIToastTestground (macOS)" */ = {
			isa = XCConfigurationList;
			buildConfigurations = (
				21F4A69F28DAF23D00E5EF05 /* Debug */,
				21F4A6A028DAF23D00E5EF05 /* Release */,
			);
			defaultConfigurationIsVisible = 0;
			defaultConfigurationName = Release;
		};
/* End XCConfigurationList section */

/* Begin XCSwiftPackageProductDependency section */
		21F4A6A428DAF2CE00E5EF05 /* SwiftUIToast */ = {
			isa = XCSwiftPackageProductDependency;
			productName = SwiftUIToast;
		};
/* End XCSwiftPackageProductDependency section */
	};
	rootObject = 21F4A67E28DAF23C00E5EF05 /* Project object */;
}
